
Microsoft Visual Studio Solution File, Format Version 12.00
# Visual Studio Version 16
VisualStudioVersion = 16.0.29920.165
MinimumVisualStudioVersion = 10.0.40219.1
Project("{8BC9CEB8-8B4A-11D0-8D11-00A0C91BC942}") = "VRM", "VRM\VRM.vcxproj", "{636DDC9F-6D3D-4CD2-B3B4-DA950B3908B7}"
EndProject
Global
	GlobalSection(SolutionConfigurationPlatforms) = preSolution
		Debug|x64 = Debug|x64
		Release|x64 = Release|x64
	EndGlobalSection
	GlobalSection(ProjectConfigurationPlatforms) = postSolution
		{636DDC9F-6D3D-4CD2-B3B4-DA950B3908B7}.Debug|x64.ActiveCfg = Debug|x64
		{636DDC9F-6D3D-4CD2-B3B4-DA950B3908B7}.Debug|x64.Build.0 = Debug|x64
		{636DDC9F-6D3D-4CD2-B3B4-DA950B3908B7}.Release|x64.ActiveCfg = Release|x64
		{636DDC9F-6D3D-4CD2-B3B4-DA950B3908B7}.Release|x64.Build.0 = Release|x64
	EndGlobalSection
	GlobalSection(SolutionProperties) = preSolution
		HideSolutionNode = FALSE
	EndGlobalSection
	GlobalSection(ExtensibilityGlobals) = postSolution
		SolutionGuid = {0D3EADC4-C3F2-4A96-ADAA-283DB8E264AF}
	EndGlobalSection
EndGlobal
